
Microsoft Visual Studio Solution File, Format Version 12.00
# Visual Studio 14
VisualStudioVersion = 14.0.25420.1
MinimumVisualStudioVersion = 10.0.40219.1
Project("{A07B5EB6-E848-4116-A8D0-A826331D98C6}") = "VotingServiceFabric", "VotingServiceFabric\VotingServiceFabric.sfproj", "{979DFFEF-63C3-4935-BC62-8B9DA95E4332}"
EndProject
Project("{FAE04EC0-301F-11D3-BF4B-00C04F79EFBC}") = "VotingService", "VotingService\VotingService.csproj", "{7B33F849-7197-4072-B08F-32D98F125D56}"
EndProject
Global
	GlobalSection(SolutionConfigurationPlatforms) = preSolution
		Debug|x64 = Debug|x64
		Release|x64 = Release|x64
	EndGlobalSection
	GlobalSection(ProjectConfigurationPlatforms) = postSolution
		{979DFFEF-63C3-4935-BC62-8B9DA95E4332}.Debug|x64.ActiveCfg = Debug|x64
		{979DFFEF-63C3-4935-BC62-8B9DA95E4332}.Debug|x64.Build.0 = Debug|x64
		{979DFFEF-63C3-4935-BC62-8B9DA95E4332}.Debug|x64.Deploy.0 = Debug|x64
		{979DFFEF-63C3-4935-BC62-8B9DA95E4332}.Release|x64.ActiveCfg = Release|x64
		{979DFFEF-63C3-4935-BC62-8B9DA95E4332}.Release|x64.Build.0 = Release|x64
		{979DFFEF-63C3-4935-BC62-8B9DA95E4332}.Release|x64.Deploy.0 = Release|x64
		{7B33F849-7197-4072-B08F-32D98F125D56}.Debug|x64.ActiveCfg = Debug|x64
		{7B33F849-7197-4072-B08F-32D98F125D56}.Debug|x64.Build.0 = Debug|x64
		{7B33F849-7197-4072-B08F-32D98F125D56}.Release|x64.ActiveCfg = Release|x64
		{7B33F849-7197-4072-B08F-32D98F125D56}.Release|x64.Build.0 = Release|x64
	EndGlobalSection
	GlobalSection(SolutionProperties) = preSolution
		HideSolutionNode = FALSE
	EndGlobalSection
EndGlobal
